// !$*UTF8*$!
{
	archiveVersion = 1;
	classes = {
	};
	objectVersion = 51;
	objects = {

/* Begin PBXBuildFile section */
		896C4A71238FFFF500ED29E7 /* AppDelegate.swift in Sources */ = {isa = PBXBuildFile; fileRef = 896C4A70238FFFF500ED29E7 /* AppDelegate.swift */; };
		896C4A73238FFFF500ED29E7 /* SceneDelegate.swift in Sources */ = {isa = PBXBuildFile; fileRef = 896C4A72238FFFF500ED29E7 /* SceneDelegate.swift */; };
		896C4A75238FFFF500ED29E7 /* ViewController.swift in Sources */ = {isa = PBXBuildFile; fileRef = 896C4A74238FFFF500ED29E7 /* ViewController.swift */; };
		896C4A78238FFFF500ED29E7 /* Main.storyboard in Resources */ = {isa = PBXBuildFile; fileRef = 896C4A76238FFFF500ED29E7 /* Main.storyboard */; };
		896C4A7A238FFFFC00ED29E7 /* Assets.xcassets in Resources */ = {isa = PBXBuildFile; fileRef = 896C4A79238FFFFC00ED29E7 /* Assets.xcassets */; };
		896C4A7D238FFFFC00ED29E7 /* LaunchScreen.storyboard in Resources */ = {isa = PBXBuildFile; fileRef = 896C4A7B238FFFFC00ED29E7 /* LaunchScreen.storyboard */; };
		896C4A8B2390008B00ED29E7 /* MainFactory.swift in Sources */ = {isa = PBXBuildFile; fileRef = 896C4A8A2390008B00ED29E7 /* MainFactory.swift */; };
		896C4A8D2390009B00ED29E7 /* MainFlowController.swift in Sources */ = {isa = PBXBuildFile; fileRef = 896C4A8C2390009B00ED29E7 /* MainFlowController.swift */; };
		896C4A922390019700ED29E7 /* PhotosCollection.storyboard in Resources */ = {isa = PBXBuildFile; fileRef = 896C4A912390019700ED29E7 /* PhotosCollection.storyboard */; };
		896C4A94239001B300ED29E7 /* PhotosCollectionViewController.swift in Sources */ = {isa = PBXBuildFile; fileRef = 896C4A93239001B300ED29E7 /* PhotosCollectionViewController.swift */; };
		896C4A96239001DD00ED29E7 /* ScondScreenFactory.swift in Sources */ = {isa = PBXBuildFile; fileRef = 896C4A95239001DD00ED29E7 /* ScondScreenFactory.swift */; };
		896C4A98239001F300ED29E7 /* PhotosCollectionFlowController.swift in Sources */ = {isa = PBXBuildFile; fileRef = 896C4A97239001F300ED29E7 /* PhotosCollectionFlowController.swift */; };
		896C4A9C2390025200ED29E7 /* PhotosCollectionViewModel.swift in Sources */ = {isa = PBXBuildFile; fileRef = 896C4A9B2390025200ED29E7 /* PhotosCollectionViewModel.swift */; };
		896C4A9F2390030700ED29E7 /* UIColor + extensions.swift in Sources */ = {isa = PBXBuildFile; fileRef = 896C4A9E2390030700ED29E7 /* UIColor + extensions.swift */; };
		896C4AA22390062F00ED29E7 /* CustomCollectionView.swift in Sources */ = {isa = PBXBuildFile; fileRef = 896C4AA12390062F00ED29E7 /* CustomCollectionView.swift */; };
		896C4AA6239008DA00ED29E7 /* UIButton + extensions.swift in Sources */ = {isa = PBXBuildFile; fileRef = 896C4AA5239008DA00ED29E7 /* UIButton + extensions.swift */; };
		896C4AA82390093100ED29E7 /* SingletonClass.swift in Sources */ = {isa = PBXBuildFile; fileRef = 896C4AA72390093100ED29E7 /* SingletonClass.swift */; };
		896C4AAA2390097E00ED29E7 /* UIView + extensions.swift in Sources */ = {isa = PBXBuildFile; fileRef = 896C4AA92390097E00ED29E7 /* UIView + extensions.swift */; };
		896C4AAF23913A9300ED29E7 /* CustomCollectionViewCell.swift in Sources */ = {isa = PBXBuildFile; fileRef = 896C4AAD23913A9300ED29E7 /* CustomCollectionViewCell.swift */; };
		896C4AB023913A9300ED29E7 /* CustomCollectionViewCell.xib in Resources */ = {isa = PBXBuildFile; fileRef = 896C4AAE23913A9300ED29E7 /* CustomCollectionViewCell.xib */; };
		9BA04DAE7267977BB1423F1C /* Pods_CameraFilter.framework in Frameworks */ = {isa = PBXBuildFile; fileRef = B9157621A0DB60CEE80B07D9 /* Pods_CameraFilter.framework */; };
/* End PBXBuildFile section */

/* Begin PBXFileReference section */
		3CD86C2B31A9451262F88F51 /* Pods-CameraFilter.release.xcconfig */ = {isa = PBXFileReference; includeInIndex = 1; lastKnownFileType = text.xcconfig; name = "Pods-CameraFilter.release.xcconfig"; path = "Target Support Files/Pods-CameraFilter/Pods-CameraFilter.release.xcconfig"; sourceTree = "<group>"; };
		896C4A6D238FFFF500ED29E7 /* CameraFilter.app */ = {isa = PBXFileReference; explicitFileType = wrapper.application; includeInIndex = 0; path = CameraFilter.app; sourceTree = BUILT_PRODUCTS_DIR; };
		896C4A70238FFFF500ED29E7 /* AppDelegate.swift */ = {isa = PBXFileReference; lastKnownFileType = sourcecode.swift; path = AppDelegate.swift; sourceTree = "<group>"; };
		896C4A72238FFFF500ED29E7 /* SceneDelegate.swift */ = {isa = PBXFileReference; lastKnownFileType = sourcecode.swift; path = SceneDelegate.swift; sourceTree = "<group>"; };
		896C4A74238FFFF500ED29E7 /* ViewController.swift */ = {isa = PBXFileReference; lastKnownFileType = sourcecode.swift; path = ViewController.swift; sourceTree = "<group>"; };
		896C4A77238FFFF500ED29E7 /* Base */ = {isa = PBXFileReference; lastKnownFileType = file.storyboard; name = Base; path = Base.lproj/Main.storyboard; sourceTree = "<group>"; };
		896C4A79238FFFFC00ED29E7 /* Assets.xcassets */ = {isa = PBXFileReference; lastKnownFileType = folder.assetcatalog; path = Assets.xcassets; sourceTree = "<group>"; };
		896C4A7C238FFFFC00ED29E7 /* Base */ = {isa = PBXFileReference; lastKnownFileType = file.storyboard; name = Base; path = Base.lproj/LaunchScreen.storyboard; sourceTree = "<group>"; };
		896C4A7E238FFFFC00ED29E7 /* Info.plist */ = {isa = PBXFileReference; lastKnownFileType = text.plist.xml; path = Info.plist; sourceTree = "<group>"; };
		896C4A8A2390008B00ED29E7 /* MainFactory.swift */ = {isa = PBXFileReference; lastKnownFileType = sourcecode.swift; path = MainFactory.swift; sourceTree = "<group>"; };
		896C4A8C2390009B00ED29E7 /* MainFlowController.swift */ = {isa = PBXFileReference; lastKnownFileType = sourcecode.swift; path = MainFlowController.swift; sourceTree = "<group>"; };
		896C4A912390019700ED29E7 /* PhotosCollection.storyboard */ = {isa = PBXFileReference; lastKnownFileType = file.storyboard; path = PhotosCollection.storyboard; sourceTree = "<group>"; };
		896C4A93239001B300ED29E7 /* PhotosCollectionViewController.swift */ = {isa = PBXFileReference; lastKnownFileType = sourcecode.swift; path = PhotosCollectionViewController.swift; sourceTree = "<group>"; };
		896C4A95239001DD00ED29E7 /* ScondScreenFactory.swift */ = {isa = PBXFileReference; lastKnownFileType = sourcecode.swift; path = ScondScreenFactory.swift; sourceTree = "<group>"; };
		896C4A97239001F300ED29E7 /* PhotosCollectionFlowController.swift */ = {isa = PBXFileReference; lastKnownFileType = sourcecode.swift; path = PhotosCollectionFlowController.swift; sourceTree = "<group>"; };
		896C4A9B2390025200ED29E7 /* PhotosCollectionViewModel.swift */ = {isa = PBXFileReference; lastKnownFileType = sourcecode.swift; path = PhotosCollectionViewModel.swift; sourceTree = "<group>"; };
		896C4A9E2390030700ED29E7 /* UIColor + extensions.swift */ = {isa = PBXFileReference; lastKnownFileType = sourcecode.swift; path = "UIColor + extensions.swift"; sourceTree = "<group>"; };
		896C4AA12390062F00ED29E7 /* CustomCollectionView.swift */ = {isa = PBXFileReference; lastKnownFileType = sourcecode.swift; path = CustomCollectionView.swift; sourceTree = "<group>"; };
		896C4AA5239008DA00ED29E7 /* UIButton + extensions.swift */ = {isa = PBXFileReference; lastKnownFileType = sourcecode.swift; path = "UIButton + extensions.swift"; sourceTree = "<group>"; };
		896C4AA72390093100ED29E7 /* SingletonClass.swift */ = {isa = PBXFileReference; lastKnownFileType = sourcecode.swift; path = SingletonClass.swift; sourceTree = "<group>"; };
		896C4AA92390097E00ED29E7 /* UIView + extensions.swift */ = {isa = PBXFileReference; lastKnownFileType = sourcecode.swift; path = "UIView + extensions.swift"; sourceTree = "<group>"; };
		896C4AAD23913A9300ED29E7 /* CustomCollectionViewCell.swift */ = {isa = PBXFileReference; lastKnownFileType = sourcecode.swift; path = CustomCollectionViewCell.swift; sourceTree = "<group>"; };
		896C4AAE23913A9300ED29E7 /* CustomCollectionViewCell.xib */ = {isa = PBXFileReference; lastKnownFileType = file.xib; path = CustomCollectionViewCell.xib; sourceTree = "<group>"; };
		B9157621A0DB60CEE80B07D9 /* Pods_CameraFilter.framework */ = {isa = PBXFileReference; explicitFileType = wrapper.framework; includeInIndex = 0; path = Pods_CameraFilter.framework; sourceTree = BUILT_PRODUCTS_DIR; };
		E7635F43FA19E0F7D2C383C9 /* Pods-CameraFilter.debug.xcconfig */ = {isa = PBXFileReference; includeInIndex = 1; lastKnownFileType = text.xcconfig; name = "Pods-CameraFilter.debug.xcconfig"; path = "Target Support Files/Pods-CameraFilter/Pods-CameraFilter.debug.xcconfig"; sourceTree = "<group>"; };
/* End PBXFileReference section */

/* Begin PBXFrameworksBuildPhase section */
		896C4A6A238FFFF500ED29E7 /* Frameworks */ = {
			isa = PBXFrameworksBuildPhase;
			buildActionMask = 2147483647;
			files = (
				9BA04DAE7267977BB1423F1C /* Pods_CameraFilter.framework in Frameworks */,
			);
			runOnlyForDeploymentPostprocessing = 0;
		};
/* End PBXFrameworksBuildPhase section */

/* Begin PBXGroup section */
		23F8D175BF0D947809A8B2F5 /* Frameworks */ = {
			isa = PBXGroup;
			children = (
				B9157621A0DB60CEE80B07D9 /* Pods_CameraFilter.framework */,
			);
			name = Frameworks;
			sourceTree = "<group>";
		};
		608F02DBA6BEBC29C3DD5E25 /* Pods */ = {
			isa = PBXGroup;
			children = (
				E7635F43FA19E0F7D2C383C9 /* Pods-CameraFilter.debug.xcconfig */,
				3CD86C2B31A9451262F88F51 /* Pods-CameraFilter.release.xcconfig */,
			);
			path = Pods;
			sourceTree = "<group>";
		};
		896C4A64238FFFF500ED29E7 = {
			isa = PBXGroup;
			children = (
				896C4A6F238FFFF500ED29E7 /* CameraFilter */,
				896C4A6E238FFFF500ED29E7 /* Products */,
				608F02DBA6BEBC29C3DD5E25 /* Pods */,
				23F8D175BF0D947809A8B2F5 /* Frameworks */,
			);
			sourceTree = "<group>";
		};
		896C4A6E238FFFF500ED29E7 /* Products */ = {
			isa = PBXGroup;
			children = (
				896C4A6D238FFFF500ED29E7 /* CameraFilter.app */,
			);
			name = Products;
			sourceTree = "<group>";
		};
		896C4A6F238FFFF500ED29E7 /* CameraFilter */ = {
			isa = PBXGroup;
			children = (
				896C4A842390002A00ED29E7 /* Main Screen */,
				896C4A852390003B00ED29E7 /* Photos Collection */,
				896C4A9D239002F400ED29E7 /* Extensions */,
				896C4AA0239005EE00ED29E7 /* Custom Views */,
				896C4A70238FFFF500ED29E7 /* AppDelegate.swift */,
				896C4A72238FFFF500ED29E7 /* SceneDelegate.swift */,
				896C4A79238FFFFC00ED29E7 /* Assets.xcassets */,
				896C4A7B238FFFFC00ED29E7 /* LaunchScreen.storyboard */,
				896C4A7E238FFFFC00ED29E7 /* Info.plist */,
			);
			path = CameraFilter;
			sourceTree = "<group>";
		};
		896C4A842390002A00ED29E7 /* Main Screen */ = {
			isa = PBXGroup;
			children = (
				896C4A892390006D00ED29E7 /* View Model */,
				896C4A882390006100ED29E7 /* View Controller */,
				896C4A872390005800ED29E7 /* Factory */,
				896C4A862390004A00ED29E7 /* Flow Controller */,
			);
			path = "Main Screen";
			sourceTree = "<group>";
		};
		896C4A852390003B00ED29E7 /* Photos Collection */ = {
			isa = PBXGroup;
			children = (
				896C4A992390022D00ED29E7 /* View Model */,
				896C4A902390017800ED29E7 /* View Controller */,
				896C4A8F2390016F00ED29E7 /* Factory */,
				896C4A8E2390016400ED29E7 /* Flow Controller */,
			);
			path = "Photos Collection";
			sourceTree = "<group>";
		};
		896C4A862390004A00ED29E7 /* Flow Controller */ = {
			isa = PBXGroup;
			children = (
				896C4A8C2390009B00ED29E7 /* MainFlowController.swift */,
			);
			path = "Flow Controller";
			sourceTree = "<group>";
		};
		896C4A872390005800ED29E7 /* Factory */ = {
			isa = PBXGroup;
			children = (
				896C4A8A2390008B00ED29E7 /* MainFactory.swift */,
			);
			path = Factory;
			sourceTree = "<group>";
		};
		896C4A882390006100ED29E7 /* View Controller */ = {
			isa = PBXGroup;
			children = (
				896C4A76238FFFF500ED29E7 /* Main.storyboard */,
				896C4A74238FFFF500ED29E7 /* ViewController.swift */,
			);
			path = "View Controller";
			sourceTree = "<group>";
		};
		896C4A892390006D00ED29E7 /* View Model */ = {
			isa = PBXGroup;
			children = (
			);
			path = "View Model";
			sourceTree = "<group>";
		};
		896C4A8E2390016400ED29E7 /* Flow Controller */ = {
			isa = PBXGroup;
			children = (
				896C4A97239001F300ED29E7 /* PhotosCollectionFlowController.swift */,
			);
			path = "Flow Controller";
			sourceTree = "<group>";
		};
		896C4A8F2390016F00ED29E7 /* Factory */ = {
			isa = PBXGroup;
			children = (
				896C4A95239001DD00ED29E7 /* ScondScreenFactory.swift */,
			);
			path = Factory;
			sourceTree = "<group>";
		};
		896C4A902390017800ED29E7 /* View Controller */ = {
			isa = PBXGroup;
			children = (
				896C4A912390019700ED29E7 /* PhotosCollection.storyboard */,
				896C4A93239001B300ED29E7 /* PhotosCollectionViewController.swift */,
			);
			path = "View Controller";
			sourceTree = "<group>";
		};
		896C4A992390022D00ED29E7 /* View Model */ = {
			isa = PBXGroup;
			children = (
				896C4A9B2390025200ED29E7 /* PhotosCollectionViewModel.swift */,
			);
			path = "View Model";
			sourceTree = "<group>";
		};
		896C4A9D239002F400ED29E7 /* Extensions */ = {
			isa = PBXGroup;
			children = (
				896C4A9E2390030700ED29E7 /* UIColor + extensions.swift */,
				896C4AA5239008DA00ED29E7 /* UIButton + extensions.swift */,
				896C4AA72390093100ED29E7 /* SingletonClass.swift */,
				896C4AA92390097E00ED29E7 /* UIView + extensions.swift */,
			);
			path = Extensions;
			sourceTree = "<group>";
		};
		896C4AA0239005EE00ED29E7 /* Custom Views */ = {
			isa = PBXGroup;
			children = (
				896C4AB123913A9B00ED29E7 /* CollectionView */,
			);
			path = "Custom Views";
			sourceTree = "<group>";
		};
		896C4AB123913A9B00ED29E7 /* CollectionView */ = {
			isa = PBXGroup;
			children = (
				896C4AA12390062F00ED29E7 /* CustomCollectionView.swift */,
				896C4AAD23913A9300ED29E7 /* CustomCollectionViewCell.swift */,
				896C4AAE23913A9300ED29E7 /* CustomCollectionViewCell.xib */,
			);
			path = CollectionView;
			sourceTree = "<group>";
		};
/* End PBXGroup section */

/* Begin PBXNativeTarget section */
		896C4A6C238FFFF500ED29E7 /* CameraFilter */ = {
			isa = PBXNativeTarget;
			buildConfigurationList = 896C4A81238FFFFC00ED29E7 /* Build configuration list for PBXNativeTarget "CameraFilter" */;
			buildPhases = (
				F7C6B22E2C3B2277711FACD8 /* [CP] Check Pods Manifest.lock */,
				896C4A69238FFFF500ED29E7 /* Sources */,
				896C4A6A238FFFF500ED29E7 /* Frameworks */,
				896C4A6B238FFFF500ED29E7 /* Resources */,
				93B3AB0F2AAC655B5C8DE5E8 /* [CP] Embed Pods Frameworks */,
			);
			buildRules = (
			);
			dependencies = (
			);
			name = CameraFilter;
			productName = CameraFilter;
			productReference = 896C4A6D238FFFF500ED29E7 /* CameraFilter.app */;
			productType = "com.apple.product-type.application";
		};
/* End PBXNativeTarget section */

/* Begin PBXProject section */
		896C4A65238FFFF500ED29E7 /* Project object */ = {
			isa = PBXProject;
			attributes = {
				LastSwiftUpdateCheck = 1120;
				LastUpgradeCheck = 1120;
				ORGANIZATIONNAME = "Carl Wainwright";
				TargetAttributes = {
					896C4A6C238FFFF500ED29E7 = {
						CreatedOnToolsVersion = 11.2.1;
					};
				};
			};
			buildConfigurationList = 896C4A68238FFFF500ED29E7 /* Build configuration list for PBXProject "CameraFilter" */;
			compatibilityVersion = "Xcode 9.3";
			developmentRegion = en;
			hasScannedForEncodings = 0;
			knownRegions = (
				en,
				Base,
			);
			mainGroup = 896C4A64238FFFF500ED29E7;
			productRefGroup = 896C4A6E238FFFF500ED29E7 /* Products */;
			projectDirPath = "";
			projectRoot = "";
			targets = (
				896C4A6C238FFFF500ED29E7 /* CameraFilter */,
			);
		};
/* End PBXProject section */

/* Begin PBXResourcesBuildPhase section */
		896C4A6B238FFFF500ED29E7 /* Resources */ = {
			isa = PBXResourcesBuildPhase;
			buildActionMask = 2147483647;
			files = (
				896C4A7D238FFFFC00ED29E7 /* LaunchScreen.storyboard in Resources */,
				896C4A7A238FFFFC00ED29E7 /* Assets.xcassets in Resources */,
				896C4A922390019700ED29E7 /* PhotosCollection.storyboard in Resources */,
				896C4AB023913A9300ED29E7 /* CustomCollectionViewCell.xib in Resources */,
				896C4A78238FFFF500ED29E7 /* Main.storyboard in Resources */,
			);
			runOnlyForDeploymentPostprocessing = 0;
		};
/* End PBXResourcesBuildPhase section */

/* Begin PBXShellScriptBuildPhase section */
		93B3AB0F2AAC655B5C8DE5E8 /* [CP] Embed Pods Frameworks */ = {
			isa = PBXShellScriptBuildPhase;
			buildActionMask = 2147483647;
			files = (
			);
			inputFileListPaths = (
				"${PODS_ROOT}/Target Support Files/Pods-CameraFilter/Pods-CameraFilter-frameworks-${CONFIGURATION}-input-files.xcfilelist",
			);
			name = "[CP] Embed Pods Frameworks";
			outputFileListPaths = (
				"${PODS_ROOT}/Target Support Files/Pods-CameraFilter/Pods-CameraFilter-frameworks-${CONFIGURATION}-output-files.xcfilelist",
			);
			runOnlyForDeploymentPostprocessing = 0;
			shellPath = /bin/sh;
			shellScript = "\"${PODS_ROOT}/Target Support Files/Pods-CameraFilter/Pods-CameraFilter-frameworks.sh\"\n";
			showEnvVarsInLog = 0;
		};
		F7C6B22E2C3B2277711FACD8 /* [CP] Check Pods Manifest.lock */ = {
			isa = PBXShellScriptBuildPhase;
			buildActionMask = 2147483647;
			files = (
			);
			inputFileListPaths = (
			);
			inputPaths = (
				"${PODS_PODFILE_DIR_PATH}/Podfile.lock",
				"${PODS_ROOT}/Manifest.lock",
			);
			name = "[CP] Check Pods Manifest.lock";
			outputFileListPaths = (
			);
			outputPaths = (
				"$(DERIVED_FILE_DIR)/Pods-CameraFilter-checkManifestLockResult.txt",
			);
			runOnlyForDeploymentPostprocessing = 0;
			shellPath = /bin/sh;
			shellScript = "diff \"${PODS_PODFILE_DIR_PATH}/Podfile.lock\" \"${PODS_ROOT}/Manifest.lock\" > /dev/null\nif [ $? != 0 ] ; then\n    # print error to STDERR\n    echo \"error: The sandbox is not in sync with the Podfile.lock. Run 'pod install' or update your CocoaPods installation.\" >&2\n    exit 1\nfi\n# This output is used by Xcode 'outputs' to avoid re-running this script phase.\necho \"SUCCESS\" > \"${SCRIPT_OUTPUT_FILE_0}\"\n";
			showEnvVarsInLog = 0;
		};
/* End PBXShellScriptBuildPhase section */

/* Begin PBXSourcesBuildPhase section */
		896C4A69238FFFF500ED29E7 /* Sources */ = {
			isa = PBXSourcesBuildPhase;
			buildActionMask = 2147483647;
			files = (
				896C4A94239001B300ED29E7 /* PhotosCollectionViewController.swift in Sources */,
				896C4AAF23913A9300ED29E7 /* CustomCollectionViewCell.swift in Sources */,
				896C4A75238FFFF500ED29E7 /* ViewController.swift in Sources */,
				896C4A9C2390025200ED29E7 /* PhotosCollectionViewModel.swift in Sources */,
				896C4A96239001DD00ED29E7 /* ScondScreenFactory.swift in Sources */,
				896C4AA6239008DA00ED29E7 /* UIButton + extensions.swift in Sources */,
				896C4A8B2390008B00ED29E7 /* MainFactory.swift in Sources */,
				896C4A9F2390030700ED29E7 /* UIColor + extensions.swift in Sources */,
				896C4A71238FFFF500ED29E7 /* AppDelegate.swift in Sources */,
				896C4AA82390093100ED29E7 /* SingletonClass.swift in Sources */,
				896C4A8D2390009B00ED29E7 /* MainFlowController.swift in Sources */,
				896C4A98239001F300ED29E7 /* PhotosCollectionFlowController.swift in Sources */,
				896C4AAA2390097E00ED29E7 /* UIView + extensions.swift in Sources */,
				896C4A73238FFFF500ED29E7 /* SceneDelegate.swift in Sources */,
				896C4AA22390062F00ED29E7 /* CustomCollectionView.swift in Sources */,
			);
			runOnlyForDeploymentPostprocessing = 0;
		};
/* End PBXSourcesBuildPhase section */

/* Begin PBXVariantGroup section */
		896C4A76238FFFF500ED29E7 /* Main.storyboard */ = {
			isa = PBXVariantGroup;
			children = (
				896C4A77238FFFF500ED29E7 /* Base */,
			);
			name = Main.storyboard;
			sourceTree = "<group>";
		};
		896C4A7B238FFFFC00ED29E7 /* LaunchScreen.storyboard */ = {
			isa = PBXVariantGroup;
			children = (
				896C4A7C238FFFFC00ED29E7 /* Base */,
			);
			name = LaunchScreen.storyboard;
			sourceTree = "<group>";
		};
/* End PBXVariantGroup section */

/* Begin XCBuildConfiguration section */
		896C4A7F238FFFFC00ED29E7 /* Debug */ = {
			isa = XCBuildConfiguration;
			buildSettings = {
				ALWAYS_SEARCH_USER_PATHS = NO;
				CLANG_ANALYZER_NONNULL = YES;
				CLANG_ANALYZER_NUMBER_OBJECT_CONVERSION = YES_AGGRESSIVE;
				CLANG_CXX_LANGUAGE_STANDARD = "gnu++14";
				CLANG_CXX_LIBRARY = "libc++";
				CLANG_ENABLE_MODULES = YES;
				CLANG_ENABLE_OBJC_ARC = YES;
				CLANG_ENABLE_OBJC_WEAK = YES;
				CLANG_WARN_BLOCK_CAPTURE_AUTORELEASING = YES;
				CLANG_WARN_BOOL_CONVERSION = YES;
				CLANG_WARN_COMMA = YES;
				CLANG_WARN_CONSTANT_CONVERSION = YES;
				CLANG_WARN_DEPRECATED_OBJC_IMPLEMENTATIONS = YES;
				CLANG_WARN_DIRECT_OBJC_ISA_USAGE = YES_ERROR;
				CLANG_WARN_DOCUMENTATION_COMMENTS = YES;
				CLANG_WARN_EMPTY_BODY = YES;
				CLANG_WARN_ENUM_CONVERSION = YES;
				CLANG_WARN_INFINITE_RECURSION = YES;
				CLANG_WARN_INT_CONVERSION = YES;
				CLANG_WARN_NON_LITERAL_NULL_CONVERSION = YES;
				CLANG_WARN_OBJC_IMPLICIT_RETAIN_SELF = YES;
				CLANG_WARN_OBJC_LITERAL_CONVERSION = YES;
				CLANG_WARN_OBJC_ROOT_CLASS = YES_ERROR;
				CLANG_WARN_RANGE_LOOP_ANALYSIS = YES;
				CLANG_WARN_STRICT_PROTOTYPES = YES;
				CLANG_WARN_SUSPICIOUS_MOVE = YES;
				CLANG_WARN_UNGUARDED_AVAILABILITY = YES_AGGRESSIVE;
				CLANG_WARN_UNREACHABLE_CODE = YES;
				CLANG_WARN__DUPLICATE_METHOD_MATCH = YES;
				COPY_PHASE_STRIP = NO;
				DEBUG_INFORMATION_FORMAT = dwarf;
				ENABLE_STRICT_OBJC_MSGSEND = YES;
				ENABLE_TESTABILITY = YES;
				GCC_C_LANGUAGE_STANDARD = gnu11;
				GCC_DYNAMIC_NO_PIC = NO;
				GCC_NO_COMMON_BLOCKS = YES;
				GCC_OPTIMIZATION_LEVEL = 0;
				GCC_PREPROCESSOR_DEFINITIONS = (
					"DEBUG=1",
					"$(inherited)",
				);
				GCC_WARN_64_TO_32_BIT_CONVERSION = YES;
				GCC_WARN_ABOUT_RETURN_TYPE = YES_ERROR;
				GCC_WARN_UNDECLARED_SELECTOR = YES;
				GCC_WARN_UNINITIALIZED_AUTOS = YES_AGGRESSIVE;
				GCC_WARN_UNUSED_FUNCTION = YES;
				GCC_WARN_UNUSED_VARIABLE = YES;
				IPHONEOS_DEPLOYMENT_TARGET = 13.2;
				MTL_ENABLE_DEBUG_INFO = INCLUDE_SOURCE;
				MTL_FAST_MATH = YES;
				ONLY_ACTIVE_ARCH = YES;
				SDKROOT = iphoneos;
				SWIFT_ACTIVE_COMPILATION_CONDITIONS = DEBUG;
				SWIFT_OPTIMIZATION_LEVEL = "-Onone";
			};
			name = Debug;
		};
		896C4A80238FFFFC00ED29E7 /* Release */ = {
			isa = XCBuildConfiguration;
			buildSettings = {
				ALWAYS_SEARCH_USER_PATHS = NO;
				CLANG_ANALYZER_NONNULL = YES;
				CLANG_ANALYZER_NUMBER_OBJECT_CONVERSION = YES_AGGRESSIVE;
				CLANG_CXX_LANGUAGE_STANDARD = "gnu++14";
				CLANG_CXX_LIBRARY = "libc++";
				CLANG_ENABLE_MODULES = YES;
				CLANG_ENABLE_OBJC_ARC = YES;
				CLANG_ENABLE_OBJC_WEAK = YES;
				CLANG_WARN_BLOCK_CAPTURE_AUTORELEASING = YES;
				CLANG_WARN_BOOL_CONVERSION = YES;
				CLANG_WARN_COMMA = YES;
				CLANG_WARN_CONSTANT_CONVERSION = YES;
				CLANG_WARN_DEPRECATED_OBJC_IMPLEMENTATIONS = YES;
				CLANG_WARN_DIRECT_OBJC_ISA_USAGE = YES_ERROR;
				CLANG_WARN_DOCUMENTATION_COMMENTS = YES;
				CLANG_WARN_EMPTY_BODY = YES;
				CLANG_WARN_ENUM_CONVERSION = YES;
				CLANG_WARN_INFINITE_RECURSION = YES;
				CLANG_WARN_INT_CONVERSION = YES;
				CLANG_WARN_NON_LITERAL_NULL_CONVERSION = YES;
				CLANG_WARN_OBJC_IMPLICIT_RETAIN_SELF = YES;
				CLANG_WARN_OBJC_LITERAL_CONVERSION = YES;
				CLANG_WARN_OBJC_ROOT_CLASS = YES_ERROR;
				CLANG_WARN_RANGE_LOOP_ANALYSIS = YES;
				CLANG_WARN_STRICT_PROTOTYPES = YES;
				CLANG_WARN_SUSPICIOUS_MOVE = YES;
				CLANG_WARN_UNGUARDED_AVAILABILITY = YES_AGGRESSIVE;
				CLANG_WARN_UNREACHABLE_CODE = YES;
				CLANG_WARN__DUPLICATE_METHOD_MATCH = YES;
				COPY_PHASE_STRIP = NO;
				DEBUG_INFORMATION_FORMAT = "dwarf-with-dsym";
				ENABLE_NS_ASSERTIONS = NO;
				ENABLE_STRICT_OBJC_MSGSEND = YES;
				GCC_C_LANGUAGE_STANDARD = gnu11;
				GCC_NO_COMMON_BLOCKS = YES;
				GCC_WARN_64_TO_32_BIT_CONVERSION = YES;
				GCC_WARN_ABOUT_RETURN_TYPE = YES_ERROR;
				GCC_WARN_UNDECLARED_SELECTOR = YES;
				GCC_WARN_UNINITIALIZED_AUTOS = YES_AGGRESSIVE;
				GCC_WARN_UNUSED_FUNCTION = YES;
				GCC_WARN_UNUSED_VARIABLE = YES;
				IPHONEOS_DEPLOYMENT_TARGET = 13.2;
				MTL_ENABLE_DEBUG_INFO = NO;
				MTL_FAST_MATH = YES;
				SDKROOT = iphoneos;
				SWIFT_COMPILATION_MODE = wholemodule;
				SWIFT_OPTIMIZATION_LEVEL = "-O";
				VALIDATE_PRODUCT = YES;
			};
			name = Release;
		};
		896C4A82238FFFFC00ED29E7 /* Debug */ = {
			isa = XCBuildConfiguration;
			baseConfigurationReference = E7635F43FA19E0F7D2C383C9 /* Pods-CameraFilter.debug.xcconfig */;
			buildSettings = {
				ASSETCATALOG_COMPILER_APPICON_NAME = AppIcon;
				CODE_SIGN_STYLE = Automatic;
				DEVELOPMENT_TEAM = 2428X38UTQ;
				INFOPLIST_FILE = CameraFilter/Info.plist;
				LD_RUNPATH_SEARCH_PATHS = (
					"$(inherited)",
					"@executable_path/Frameworks",
				);
				PRODUCT_BUNDLE_IDENTIFIER = com.carlwainwright.CameraFilter;
				PRODUCT_NAME = "$(TARGET_NAME)";
				SWIFT_VERSION = 5.0;
				TARGETED_DEVICE_FAMILY = "1,2";
			};
			name = Debug;
		};
		896C4A83238FFFFC00ED29E7 /* Release */ = {
			isa = XCBuildConfiguration;
			baseConfigurationReference = 3CD86C2B31A9451262F88F51 /* Pods-CameraFilter.release.xcconfig */;
			buildSettings = {
				ASSETCATALOG_COMPILER_APPICON_NAME = AppIcon;
				CODE_SIGN_STYLE = Automatic;
				DEVELOPMENT_TEAM = 2428X38UTQ;
				INFOPLIST_FILE = CameraFilter/Info.plist;
				LD_RUNPATH_SEARCH_PATHS = (
					"$(inherited)",
					"@executable_path/Frameworks",
				);
				PRODUCT_BUNDLE_IDENTIFIER = com.carlwainwright.CameraFilter;
				PRODUCT_NAME = "$(TARGET_NAME)";
				SWIFT_VERSION = 5.0;
				TARGETED_DEVICE_FAMILY = "1,2";
			};
			name = Release;
		};
/* End XCBuildConfiguration section */

/* Begin XCConfigurationList section */
		896C4A68238FFFF500ED29E7 /* Build configuration list for PBXProject "CameraFilter" */ = {
			isa = XCConfigurationList;
			buildConfigurations = (
				896C4A7F238FFFFC00ED29E7 /* Debug */,
				896C4A80238FFFFC00ED29E7 /* Release */,
			);
			defaultConfigurationIsVisible = 0;
			defaultConfigurationName = Release;
		};
		896C4A81238FFFFC00ED29E7 /* Build configuration list for PBXNativeTarget "CameraFilter" */ = {
			isa = XCConfigurationList;
			buildConfigurations = (
				896C4A82238FFFFC00ED29E7 /* Debug */,
				896C4A83238FFFFC00ED29E7 /* Release */,
			);
			defaultConfigurationIsVisible = 0;
			defaultConfigurationName = Release;
		};
/* End XCConfigurationList section */
	};
	rootObject = 896C4A65238FFFF500ED29E7 /* Project object */;
}
